
Microsoft Visual Studio Solution File, Format Version 12.00
# Visual Studio Version 16
VisualStudioVersion = 16.0.30517.126
MinimumVisualStudioVersion = 10.0.40219.1
Project("{FAE04EC0-301F-11D3-BF4B-00C04F79EFBC}") = "CovidDashboard.Server", "CovidDashboard\Server\CovidDashboard.Server.csproj", "{E579A619-F9B4-4151-A5AE-C911CD96F468}"
EndProject
Project("{FAE04EC0-301F-11D3-BF4B-00C04F79EFBC}") = "CovidDashboard.Client", "CovidDashboard\Client\CovidDashboard.Client.csproj", "{514E9F45-CB8B-4C07-A8BA-A83FF465CCF7}"
EndProject
Project("{FAE04EC0-301F-11D3-BF4B-00C04F79EFBC}") = "CovidDashboard.Shared", "CovidDashboard\Shared\CovidDashboard.Shared.csproj", "{F0F7D822-AE69-4504-AD22-16ADB6036FB7}"
EndProject
Project("{FAE04EC0-301F-11D3-BF4B-00C04F79EFBC}") = "CovidDashboard.Services", "CovidDashboard.Services\CovidDashboard.Services.csproj", "{0EE52C96-80BB-49CE-A1B9-77DA2E711C89}"
EndProject
Project("{FAE04EC0-301F-11D3-BF4B-00C04F79EFBC}") = "CovidDashboard.Interfaces", "CovidDashboard.Interfaces\CovidDashboard.Interfaces.csproj", "{6F8B8403-BEB5-42B3-A463-FA79D905DDD8}"
EndProject
Project("{FAE04EC0-301F-11D3-BF4B-00C04F79EFBC}") = "CovidDashboardUnitTests", "CovidDashboardUnitTests\CovidDashboardUnitTests.csproj", "{6A8418CB-2EEB-404B-9FB1-CDAE8F58D665}"
EndProject
Global
	GlobalSection(SolutionConfigurationPlatforms) = preSolution
		Debug|Any CPU = Debug|Any CPU
		Release|Any CPU = Release|Any CPU
	EndGlobalSection
	GlobalSection(ProjectConfigurationPlatforms) = postSolution
		{E579A619-F9B4-4151-A5AE-C911CD96F468}.Debug|Any CPU.ActiveCfg = Debug|Any CPU
		{E579A619-F9B4-4151-A5AE-C911CD96F468}.Debug|Any CPU.Build.0 = Debug|Any CPU
		{E579A619-F9B4-4151-A5AE-C911CD96F468}.Release|Any CPU.ActiveCfg = Release|Any CPU
		{E579A619-F9B4-4151-A5AE-C911CD96F468}.Release|Any CPU.Build.0 = Release|Any CPU
		{514E9F45-CB8B-4C07-A8BA-A83FF465CCF7}.Debug|Any CPU.ActiveCfg = Debug|Any CPU
		{514E9F45-CB8B-4C07-A8BA-A83FF465CCF7}.Debug|Any CPU.Build.0 = Debug|Any CPU
		{514E9F45-CB8B-4C07-A8BA-A83FF465CCF7}.Release|Any CPU.ActiveCfg = Release|Any CPU
		{514E9F45-CB8B-4C07-A8BA-A83FF465CCF7}.Release|Any CPU.Build.0 = Release|Any CPU
		{F0F7D822-AE69-4504-AD22-16ADB6036FB7}.Debug|Any CPU.ActiveCfg = Debug|Any CPU
		{F0F7D822-AE69-4504-AD22-16ADB6036FB7}.Debug|Any CPU.Build.0 = Debug|Any CPU
		{F0F7D822-AE69-4504-AD22-16ADB6036FB7}.Release|Any CPU.ActiveCfg = Release|Any CPU
		{F0F7D822-AE69-4504-AD22-16ADB6036FB7}.Release|Any CPU.Build.0 = Release|Any CPU
		{0EE52C96-80BB-49CE-A1B9-77DA2E711C89}.Debug|Any CPU.ActiveCfg = Debug|Any CPU
		{0EE52C96-80BB-49CE-A1B9-77DA2E711C89}.Debug|Any CPU.Build.0 = Debug|Any CPU
		{0EE52C96-80BB-49CE-A1B9-77DA2E711C89}.Release|Any CPU.ActiveCfg = Release|Any CPU
		{0EE52C96-80BB-49CE-A1B9-77DA2E711C89}.Release|Any CPU.Build.0 = Release|Any CPU
		{6F8B8403-BEB5-42B3-A463-FA79D905DDD8}.Debug|Any CPU.ActiveCfg = Debug|Any CPU
		{6F8B8403-BEB5-42B3-A463-FA79D905DDD8}.Debug|Any CPU.Build.0 = Debug|Any CPU
		{6F8B8403-BEB5-42B3-A463-FA79D905DDD8}.Release|Any CPU.ActiveCfg = Release|Any CPU
		{6F8B8403-BEB5-42B3-A463-FA79D905DDD8}.Release|Any CPU.Build.0 = Release|Any CPU
		{6A8418CB-2EEB-404B-9FB1-CDAE8F58D665}.Debug|Any CPU.ActiveCfg = Debug|Any CPU
		{6A8418CB-2EEB-404B-9FB1-CDAE8F58D665}.Debug|Any CPU.Build.0 = Debug|Any CPU
		{6A8418CB-2EEB-404B-9FB1-CDAE8F58D665}.Release|Any CPU.ActiveCfg = Release|Any CPU
		{6A8418CB-2EEB-404B-9FB1-CDAE8F58D665}.Release|Any CPU.Build.0 = Release|Any CPU
	EndGlobalSection
	GlobalSection(SolutionProperties) = preSolution
		HideSolutionNode = FALSE
	EndGlobalSection
	GlobalSection(ExtensibilityGlobals) = postSolution
		SolutionGuid = {03006A1A-7708-42A7-BCA7-19C0F22321A9}
	EndGlobalSection
EndGlobal
